
Microsoft Visual Studio Solution File, Format Version 12.00
# Visual Studio 14
VisualStudioVersion = 14.0.23107.0
MinimumVisualStudioVersion = 10.0.40219.1
Project("{8BC9CEB8-8B4A-11D0-8D11-00A0C91BC942}") = "TinyAvCore", "TinyAvCore\TinyAvCore.vcxproj", "{6A881F9E-4BC9-4F5B-A5DD-20626F66F5E3}"
EndProject
Project("{8BC9CEB8-8B4A-11D0-8D11-00A0C91BC942}") = "TinyAvConsole", "TinyAvConsole\TinyAvConsole.vcxproj", "{63FACD86-7D04-4F8F-BC85-FECB879E8389}"
EndProject
Project("{8BC9CEB8-8B4A-11D0-8D11-00A0C91BC942}") = "SalityKiller", "SalityKiller\SalityKiller.vcxproj", "{29F78C28-341C-4D6F-BE65-2CD559672A56}"
EndProject
Project("{8BC9CEB8-8B4A-11D0-8D11-00A0C91BC942}") = "Unittests", "tests\Unittests\Unittests.vcxproj", "{39BBD212-79B1-4527-8D62-194A6A8428A8}"
EndProject
Global
	GlobalSection(SolutionConfigurationPlatforms) = preSolution
		Debug|x64 = Debug|x64
		Debug|x86 = Debug|x86
		Release|x64 = Release|x64
		Release|x86 = Release|x86
	EndGlobalSection
	GlobalSection(ProjectConfigurationPlatforms) = postSolution
		{6A881F9E-4BC9-4F5B-A5DD-20626F66F5E3}.Debug|x64.ActiveCfg = Debug|x64
		{6A881F9E-4BC9-4F5B-A5DD-20626F66F5E3}.Debug|x64.Build.0 = Debug|x64
		{6A881F9E-4BC9-4F5B-A5DD-20626F66F5E3}.Debug|x86.ActiveCfg = Debug|Win32
		{6A881F9E-4BC9-4F5B-A5DD-20626F66F5E3}.Debug|x86.Build.0 = Debug|Win32
		{6A881F9E-4BC9-4F5B-A5DD-20626F66F5E3}.Release|x64.ActiveCfg = Release|x64
		{6A881F9E-4BC9-4F5B-A5DD-20626F66F5E3}.Release|x64.Build.0 = Release|x64
		{6A881F9E-4BC9-4F5B-A5DD-20626F66F5E3}.Release|x86.ActiveCfg = Release|Win32
		{6A881F9E-4BC9-4F5B-A5DD-20626F66F5E3}.Release|x86.Build.0 = Release|Win32
		{63FACD86-7D04-4F8F-BC85-FECB879E8389}.Debug|x64.ActiveCfg = Debug|x64
		{63FACD86-7D04-4F8F-BC85-FECB879E8389}.Debug|x64.Build.0 = Debug|x64
		{63FACD86-7D04-4F8F-BC85-FECB879E8389}.Debug|x86.ActiveCfg = Debug|Win32
		{63FACD86-7D04-4F8F-BC85-FECB879E8389}.Debug|x86.Build.0 = Debug|Win32
		{63FACD86-7D04-4F8F-BC85-FECB879E8389}.Release|x64.ActiveCfg = Release|x64
		{63FACD86-7D04-4F8F-BC85-FECB879E8389}.Release|x64.Build.0 = Release|x64
		{63FACD86-7D04-4F8F-BC85-FECB879E8389}.Release|x86.ActiveCfg = Release|Win32
		{63FACD86-7D04-4F8F-BC85-FECB879E8389}.Release|x86.Build.0 = Release|Win32
		{29F78C28-341C-4D6F-BE65-2CD559672A56}.Debug|x64.ActiveCfg = Debug|x64
		{29F78C28-341C-4D6F-BE65-2CD559672A56}.Debug|x64.Build.0 = Debug|x64
		{29F78C28-341C-4D6F-BE65-2CD559672A56}.Debug|x86.ActiveCfg = Debug|Win32
		{29F78C28-341C-4D6F-BE65-2CD559672A56}.Debug|x86.Build.0 = Debug|Win32
		{29F78C28-341C-4D6F-BE65-2CD559672A56}.Release|x64.ActiveCfg = Release|x64
		{29F78C28-341C-4D6F-BE65-2CD559672A56}.Release|x64.Build.0 = Release|x64
		{29F78C28-341C-4D6F-BE65-2CD559672A56}.Release|x86.ActiveCfg = Release|Win32
		{29F78C28-341C-4D6F-BE65-2CD559672A56}.Release|x86.Build.0 = Release|Win32
		{39BBD212-79B1-4527-8D62-194A6A8428A8}.Debug|x64.ActiveCfg = Debug|x64
		{39BBD212-79B1-4527-8D62-194A6A8428A8}.Debug|x64.Build.0 = Debug|x64
		{39BBD212-79B1-4527-8D62-194A6A8428A8}.Debug|x86.ActiveCfg = Debug|Win32
		{39BBD212-79B1-4527-8D62-194A6A8428A8}.Debug|x86.Build.0 = Debug|Win32
		{39BBD212-79B1-4527-8D62-194A6A8428A8}.Release|x64.ActiveCfg = Release|x64
		{39BBD212-79B1-4527-8D62-194A6A8428A8}.Release|x64.Build.0 = Release|x64
		{39BBD212-79B1-4527-8D62-194A6A8428A8}.Release|x86.ActiveCfg = Release|Win32
		{39BBD212-79B1-4527-8D62-194A6A8428A8}.Release|x86.Build.0 = Release|Win32
	EndGlobalSection
	GlobalSection(SolutionProperties) = preSolution
		HideSolutionNode = FALSE
	EndGlobalSection
EndGlobal
